// !$*UTF8*$!
{
	archiveVersion = 1;
	classes = {
	};
	objectVersion = 46;
	objects = {

/* Begin PBXBuildFile section */
		72A714D21CBB486200E5B321 /* libIlmImf.6.dylib in Frameworks */ = {isa = PBXBuildFile; fileRef = 72A714CC1CBB486200E5B321 /* libIlmImf.6.dylib */; };
		72A714D31CBB486200E5B321 /* libIlmThread.6.dylib in Frameworks */ = {isa = PBXBuildFile; fileRef = 72A714CD1CBB486200E5B321 /* libIlmThread.6.dylib */; };
		72A714D41CBB486200E5B321 /* libHalf.6.dylib in Frameworks */ = {isa = PBXBuildFile; fileRef = 72A714CE1CBB486200E5B321 /* libHalf.6.dylib */; };
		72A714D51CBB486200E5B321 /* libIex.6.dylib in Frameworks */ = {isa = PBXBuildFile; fileRef = 72A714CF1CBB486200E5B321 /* libIex.6.dylib */; };
		72A714D61CBB486200E5B321 /* libImath.6.dylib in Frameworks */ = {isa = PBXBuildFile; fileRef = 72A714D01CBB486200E5B321 /* libImath.6.dylib */; };
		72A714D71CBB486200E5B321 /* libltdl.7.dylib in Frameworks */ = {isa = PBXBuildFile; fileRef = 72A714D11CBB486200E5B321 /* libltdl.7.dylib */; };
		72D9F7301DB2F04B005451FC /* Scene.cpp in Sources */ = {isa = PBXBuildFile; fileRef = 72D9F72F1DB2F04B005451FC /* Scene.cpp */; };
		72D9F7371DBC0143005451FC /* Film.cpp in Sources */ = {isa = PBXBuildFile; fileRef = 72D9F7351DBC0143005451FC /* Film.cpp */; };
		72D9F7391DBC016E005451FC /* Renderer.cpp in Sources */ = {isa = PBXBuildFile; fileRef = 72D9F7381DBC016E005451FC /* Renderer.cpp */; };
		72E7F3831D60DAF20051109E /* Camera.cpp in Sources */ = {isa = PBXBuildFile; fileRef = 72E7F3761D60DAF20051109E /* Camera.cpp */; };
		72E7F3841D60DAF20051109E /* DistanceField.cpp in Sources */ = {isa = PBXBuildFile; fileRef = 72E7F3771D60DAF20051109E /* DistanceField.cpp */; };
		72E7F3851D60DAF20051109E /* ImageBuffer.cpp in Sources */ = {isa = PBXBuildFile; fileRef = 72E7F3781D60DAF20051109E /* ImageBuffer.cpp */; };
		72E7F3861D60DAF20051109E /* ImageFile.cpp in Sources */ = {isa = PBXBuildFile; fileRef = 72E7F3791D60DAF20051109E /* ImageFile.cpp */; };
		72E7F3871D60DAF20051109E /* ImageFileExr.cpp in Sources */ = {isa = PBXBuildFile; fileRef = 72E7F37A1D60DAF20051109E /* ImageFileExr.cpp */; };
		72E7F3881D60DAF20051109E /* ImageFilePng.cpp in Sources */ = {isa = PBXBuildFile; fileRef = 72E7F37B1D60DAF20051109E /* ImageFilePng.cpp */; };
		72E7F3891D60DAF20051109E /* main.cpp in Sources */ = {isa = PBXBuildFile; fileRef = 72E7F37C1D60DAF20051109E /* main.cpp */; };
		72E7F38A1D60DAF20051109E /* Mandelbulb.cpp in Sources */ = {isa = PBXBuildFile; fileRef = 72E7F37D1D60DAF20051109E /* Mandelbulb.cpp */; };
		72E7F38B1D60DAF20051109E /* Material.cpp in Sources */ = {isa = PBXBuildFile; fileRef = 72E7F37E1D60DAF20051109E /* Material.cpp */; };
		72E7F38C1D60DAF20051109E /* Primitive.cpp in Sources */ = {isa = PBXBuildFile; fileRef = 72E7F37F1D60DAF20051109E /* Primitive.cpp */; };
		72E7F38D1D60DAF20051109E /* Ray.cpp in Sources */ = {isa = PBXBuildFile; fileRef = 72E7F3801D60DAF20051109E /* Ray.cpp */; };
		72E7F38E1D60DAF20051109E /* Sampler.cpp in Sources */ = {isa = PBXBuildFile; fileRef = 72E7F3811D60DAF20051109E /* Sampler.cpp */; };
		72E7F38F1D60DAF20051109E /* Sphere.cpp in Sources */ = {isa = PBXBuildFile; fileRef = 72E7F3821D60DAF20051109E /* Sphere.cpp */; };
		72FFE2D11D28A4D8008EA6C6 /* libtbb.dylib in Frameworks */ = {isa = PBXBuildFile; fileRef = 72FFE2CE1D28A4D8008EA6C6 /* libtbb.dylib */; };
		72FFE2D21D28A4D8008EA6C6 /* libtbbmalloc_proxy.dylib in Frameworks */ = {isa = PBXBuildFile; fileRef = 72FFE2CF1D28A4D8008EA6C6 /* libtbbmalloc_proxy.dylib */; };
		72FFE2D31D28A4D8008EA6C6 /* libtbbmalloc.dylib in Frameworks */ = {isa = PBXBuildFile; fileRef = 72FFE2D01D28A4D8008EA6C6 /* libtbbmalloc.dylib */; };
/* End PBXBuildFile section */

/* Begin PBXCopyFilesBuildPhase section */
		72A714BE1CBB3FD300E5B321 /* CopyFiles */ = {
			isa = PBXCopyFilesBuildPhase;
			buildActionMask = 2147483647;
			dstPath = /usr/share/man/man1/;
			dstSubfolderSpec = 0;
			files = (
			);
			runOnlyForDeploymentPostprocessing = 1;
		};
/* End PBXCopyFilesBuildPhase section */

/* Begin PBXFileReference section */
		72A714C01CBB3FD300E5B321 /* FracRndr */ = {isa = PBXFileReference; explicitFileType = "compiled.mach-o.executable"; includeInIndex = 0; path = FracRndr; sourceTree = BUILT_PRODUCTS_DIR; };
		72A714CC1CBB486200E5B321 /* libIlmImf.6.dylib */ = {isa = PBXFileReference; lastKnownFileType = "compiled.mach-o.dylib"; name = libIlmImf.6.dylib; path = /opt/local/lib/libIlmImf.6.dylib; sourceTree = "<absolute>"; };
		72A714CD1CBB486200E5B321 /* libIlmThread.6.dylib */ = {isa = PBXFileReference; lastKnownFileType = "compiled.mach-o.dylib"; name = libIlmThread.6.dylib; path = /opt/local/lib/libIlmThread.6.dylib; sourceTree = "<absolute>"; };
		72A714CE1CBB486200E5B321 /* libHalf.6.dylib */ = {isa = PBXFileReference; lastKnownFileType = "compiled.mach-o.dylib"; name = libHalf.6.dylib; path = /opt/local/lib/libHalf.6.dylib; sourceTree = "<absolute>"; };
		72A714CF1CBB486200E5B321 /* libIex.6.dylib */ = {isa = PBXFileReference; lastKnownFileType = "compiled.mach-o.dylib"; name = libIex.6.dylib; path = /opt/local/lib/libIex.6.dylib; sourceTree = "<absolute>"; };
		72A714D01CBB486200E5B321 /* libImath.6.dylib */ = {isa = PBXFileReference; lastKnownFileType = "compiled.mach-o.dylib"; name = libImath.6.dylib; path = /opt/local/lib/libImath.6.dylib; sourceTree = "<absolute>"; };
		72A714D11CBB486200E5B321 /* libltdl.7.dylib */ = {isa = PBXFileReference; lastKnownFileType = "compiled.mach-o.dylib"; name = libltdl.7.dylib; path = /opt/local/lib/libltdl.7.dylib; sourceTree = "<absolute>"; };
		72D9F72E1DB2DB5E005451FC /* Scene.hpp */ = {isa = PBXFileReference; lastKnownFileType = sourcecode.cpp.h; name = Scene.hpp; path = include/Scene.hpp; sourceTree = "<group>"; };
		72D9F72F1DB2F04B005451FC /* Scene.cpp */ = {isa = PBXFileReference; fileEncoding = 4; lastKnownFileType = sourcecode.cpp.cpp; name = Scene.cpp; path = src/Scene.cpp; sourceTree = "<group>"; };
		72D9F7311DB2F4D5005451FC /* Background.hpp */ = {isa = PBXFileReference; lastKnownFileType = sourcecode.cpp.h; name = Background.hpp; path = include/Background.hpp; sourceTree = "<group>"; };
		72D9F7351DBC0143005451FC /* Film.cpp */ = {isa = PBXFileReference; fileEncoding = 4; lastKnownFileType = sourcecode.cpp.cpp; name = Film.cpp; path = src/Film.cpp; sourceTree = "<group>"; };
		72D9F7381DBC016E005451FC /* Renderer.cpp */ = {isa = PBXFileReference; fileEncoding = 4; lastKnownFileType = sourcecode.cpp.cpp; name = Renderer.cpp; path = src/Renderer.cpp; sourceTree = "<group>"; };
		72D9F73A1DBC017D005451FC /* Renderer.hpp */ = {isa = PBXFileReference; fileEncoding = 4; lastKnownFileType = sourcecode.cpp.h; name = Renderer.hpp; path = include/Renderer.hpp; sourceTree = "<group>"; };
		72D9F73B1DBC0AF6005451FC /* Film.hpp */ = {isa = PBXFileReference; fileEncoding = 4; lastKnownFileType = sourcecode.cpp.h; name = Film.hpp; path = include/Film.hpp; sourceTree = "<group>"; };
		72E7F3691D60DAE20051109E /* Camera.hpp */ = {isa = PBXFileReference; fileEncoding = 4; lastKnownFileType = sourcecode.cpp.h; name = Camera.hpp; path = include/Camera.hpp; sourceTree = "<group>"; };
		72E7F36A1D60DAE20051109E /* DistanceField.hpp */ = {isa = PBXFileReference; fileEncoding = 4; lastKnownFileType = sourcecode.cpp.h; name = DistanceField.hpp; path = include/DistanceField.hpp; sourceTree = "<group>"; };
		72E7F36B1D60DAE20051109E /* frMath.h */ = {isa = PBXFileReference; fileEncoding = 4; lastKnownFileType = sourcecode.c.h; name = frMath.h; path = include/frMath.h; sourceTree = "<group>"; };
		72E7F36C1D60DAE20051109E /* ImageBuffer.hpp */ = {isa = PBXFileReference; fileEncoding = 4; lastKnownFileType = sourcecode.cpp.h; name = ImageBuffer.hpp; path = include/ImageBuffer.hpp; sourceTree = "<group>"; };
		72E7F36D1D60DAE20051109E /* ImageFile.hpp */ = {isa = PBXFileReference; fileEncoding = 4; lastKnownFileType = sourcecode.cpp.h; name = ImageFile.hpp; path = include/ImageFile.hpp; sourceTree = "<group>"; };
		72E7F36E1D60DAE20051109E /* ImageFileExr.hpp */ = {isa = PBXFileReference; fileEncoding = 4; lastKnownFileType = sourcecode.cpp.h; name = ImageFileExr.hpp; path = include/ImageFileExr.hpp; sourceTree = "<group>"; };
		72E7F36F1D60DAE20051109E /* ImageFilePng.hpp */ = {isa = PBXFileReference; fileEncoding = 4; lastKnownFileType = sourcecode.cpp.h; name = ImageFilePng.hpp; path = include/ImageFilePng.hpp; sourceTree = "<group>"; };
		72E7F3701D60DAE20051109E /* Mandelbulb.hpp */ = {isa = PBXFileReference; fileEncoding = 4; lastKnownFileType = sourcecode.cpp.h; name = Mandelbulb.hpp; path = include/Mandelbulb.hpp; sourceTree = "<group>"; };
		72E7F3711D60DAE20051109E /* Material.hpp */ = {isa = PBXFileReference; fileEncoding = 4; lastKnownFileType = sourcecode.cpp.h; name = Material.hpp; path = include/Material.hpp; sourceTree = "<group>"; };
		72E7F3721D60DAE20051109E /* Primitive.hpp */ = {isa = PBXFileReference; fileEncoding = 4; lastKnownFileType = sourcecode.cpp.h; name = Primitive.hpp; path = include/Primitive.hpp; sourceTree = "<group>"; };
		72E7F3731D60DAE20051109E /* Ray.hpp */ = {isa = PBXFileReference; fileEncoding = 4; lastKnownFileType = sourcecode.cpp.h; name = Ray.hpp; path = include/Ray.hpp; sourceTree = "<group>"; };
		72E7F3741D60DAE20051109E /* Sampler.hpp */ = {isa = PBXFileReference; fileEncoding = 4; lastKnownFileType = sourcecode.cpp.h; name = Sampler.hpp; path = include/Sampler.hpp; sourceTree = "<group>"; };
		72E7F3751D60DAE20051109E /* Sphere.hpp */ = {isa = PBXFileReference; fileEncoding = 4; lastKnownFileType = sourcecode.cpp.h; name = Sphere.hpp; path = include/Sphere.hpp; sourceTree = "<group>"; };
		72E7F3761D60DAF20051109E /* Camera.cpp */ = {isa = PBXFileReference; fileEncoding = 4; lastKnownFileType = sourcecode.cpp.cpp; name = Camera.cpp; path = src/Camera.cpp; sourceTree = "<group>"; };
		72E7F3771D60DAF20051109E /* DistanceField.cpp */ = {isa = PBXFileReference; fileEncoding = 4; lastKnownFileType = sourcecode.cpp.cpp; name = DistanceField.cpp; path = src/DistanceField.cpp; sourceTree = "<group>"; };
		72E7F3781D60DAF20051109E /* ImageBuffer.cpp */ = {isa = PBXFileReference; fileEncoding = 4; lastKnownFileType = sourcecode.cpp.cpp; name = ImageBuffer.cpp; path = src/ImageBuffer.cpp; sourceTree = "<group>"; };
		72E7F3791D60DAF20051109E /* ImageFile.cpp */ = {isa = PBXFileReference; fileEncoding = 4; lastKnownFileType = sourcecode.cpp.cpp; name = ImageFile.cpp; path = src/ImageFile.cpp; sourceTree = "<group>"; };
		72E7F37A1D60DAF20051109E /* ImageFileExr.cpp */ = {isa = PBXFileReference; fileEncoding = 4; lastKnownFileType = sourcecode.cpp.cpp; name = ImageFileExr.cpp; path = src/ImageFileExr.cpp; sourceTree = "<group>"; };
		72E7F37B1D60DAF20051109E /* ImageFilePng.cpp */ = {isa = PBXFileReference; fileEncoding = 4; lastKnownFileType = sourcecode.cpp.cpp; name = ImageFilePng.cpp; path = src/ImageFilePng.cpp; sourceTree = "<group>"; };
		72E7F37C1D60DAF20051109E /* main.cpp */ = {isa = PBXFileReference; fileEncoding = 4; lastKnownFileType = sourcecode.cpp.cpp; name = main.cpp; path = src/main.cpp; sourceTree = "<group>"; };
		72E7F37D1D60DAF20051109E /* Mandelbulb.cpp */ = {isa = PBXFileReference; fileEncoding = 4; lastKnownFileType = sourcecode.cpp.cpp; name = Mandelbulb.cpp; path = src/Mandelbulb.cpp; sourceTree = "<group>"; };
		72E7F37E1D60DAF20051109E /* Material.cpp */ = {isa = PBXFileReference; fileEncoding = 4; lastKnownFileType = sourcecode.cpp.cpp; name = Material.cpp; path = src/Material.cpp; sourceTree = "<group>"; };
		72E7F37F1D60DAF20051109E /* Primitive.cpp */ = {isa = PBXFileReference; fileEncoding = 4; lastKnownFileType = sourcecode.cpp.cpp; name = Primitive.cpp; path = src/Primitive.cpp; sourceTree = "<group>"; };
		72E7F3801D60DAF20051109E /* Ray.cpp */ = {isa = PBXFileReference; fileEncoding = 4; lastKnownFileType = sourcecode.cpp.cpp; name = Ray.cpp; path = src/Ray.cpp; sourceTree = "<group>"; };
		72E7F3811D60DAF20051109E /* Sampler.cpp */ = {isa = PBXFileReference; fileEncoding = 4; lastKnownFileType = sourcecode.cpp.cpp; name = Sampler.cpp; path = src/Sampler.cpp; sourceTree = "<group>"; };
		72E7F3821D60DAF20051109E /* Sphere.cpp */ = {isa = PBXFileReference; fileEncoding = 4; lastKnownFileType = sourcecode.cpp.cpp; name = Sphere.cpp; path = src/Sphere.cpp; sourceTree = "<group>"; };
		72FFE2CE1D28A4D8008EA6C6 /* libtbb.dylib */ = {isa = PBXFileReference; lastKnownFileType = "compiled.mach-o.dylib"; name = libtbb.dylib; path = ../../../../../opt/local/lib/libtbb.dylib; sourceTree = "<group>"; };
		72FFE2CF1D28A4D8008EA6C6 /* libtbbmalloc_proxy.dylib */ = {isa = PBXFileReference; lastKnownFileType = "compiled.mach-o.dylib"; name = libtbbmalloc_proxy.dylib; path = ../../../../../opt/local/lib/libtbbmalloc_proxy.dylib; sourceTree = "<group>"; };
		72FFE2D01D28A4D8008EA6C6 /* libtbbmalloc.dylib */ = {isa = PBXFileReference; lastKnownFileType = "compiled.mach-o.dylib"; name = libtbbmalloc.dylib; path = ../../../../../opt/local/lib/libtbbmalloc.dylib; sourceTree = "<group>"; };
/* End PBXFileReference section */

/* Begin PBXFrameworksBuildPhase section */
		72A714BD1CBB3FD300E5B321 /* Frameworks */ = {
			isa = PBXFrameworksBuildPhase;
			buildActionMask = 2147483647;
			files = (
				72A714D41CBB486200E5B321 /* libHalf.6.dylib in Frameworks */,
				72FFE2D11D28A4D8008EA6C6 /* libtbb.dylib in Frameworks */,
				72FFE2D21D28A4D8008EA6C6 /* libtbbmalloc_proxy.dylib in Frameworks */,
				72A714D61CBB486200E5B321 /* libImath.6.dylib in Frameworks */,
				72A714D21CBB486200E5B321 /* libIlmImf.6.dylib in Frameworks */,
				72A714D31CBB486200E5B321 /* libIlmThread.6.dylib in Frameworks */,
				72A714D51CBB486200E5B321 /* libIex.6.dylib in Frameworks */,
				72FFE2D31D28A4D8008EA6C6 /* libtbbmalloc.dylib in Frameworks */,
				72A714D71CBB486200E5B321 /* libltdl.7.dylib in Frameworks */,
			);
			runOnlyForDeploymentPostprocessing = 0;
		};
/* End PBXFrameworksBuildPhase section */

/* Begin PBXGroup section */
		72A714B71CBB3FD300E5B321 = {
			isa = PBXGroup;
			children = (
				72E7F3681D60DA760051109E /* include */,
				72E7F3671D60DA6F0051109E /* src */,
				72A714D81CBB4D5800E5B321 /* libs */,
				72A714C11CBB3FD300E5B321 /* Products */,
			);
			sourceTree = "<group>";
		};
		72A714C11CBB3FD300E5B321 /* Products */ = {
			isa = PBXGroup;
			children = (
				72A714C01CBB3FD300E5B321 /* FracRndr */,
			);
			name = Products;
			sourceTree = "<group>";
		};
		72A714D81CBB4D5800E5B321 /* libs */ = {
			isa = PBXGroup;
			children = (
				72FFE2CE1D28A4D8008EA6C6 /* libtbb.dylib */,
				72FFE2CF1D28A4D8008EA6C6 /* libtbbmalloc_proxy.dylib */,
				72FFE2D01D28A4D8008EA6C6 /* libtbbmalloc.dylib */,
				72A714CC1CBB486200E5B321 /* libIlmImf.6.dylib */,
				72A714CD1CBB486200E5B321 /* libIlmThread.6.dylib */,
				72A714CE1CBB486200E5B321 /* libHalf.6.dylib */,
				72A714CF1CBB486200E5B321 /* libIex.6.dylib */,
				72A714D01CBB486200E5B321 /* libImath.6.dylib */,
				72A714D11CBB486200E5B321 /* libltdl.7.dylib */,
			);
			name = libs;
			sourceTree = "<group>";
		};
		72E7F3671D60DA6F0051109E /* src */ = {
			isa = PBXGroup;
			children = (
				72E7F3761D60DAF20051109E /* Camera.cpp */,
				72D9F7381DBC016E005451FC /* Renderer.cpp */,
				72E7F3771D60DAF20051109E /* DistanceField.cpp */,
				72E7F3781D60DAF20051109E /* ImageBuffer.cpp */,
				72E7F3791D60DAF20051109E /* ImageFile.cpp */,
				72E7F37A1D60DAF20051109E /* ImageFileExr.cpp */,
				72E7F37B1D60DAF20051109E /* ImageFilePng.cpp */,
				72E7F37C1D60DAF20051109E /* main.cpp */,
				72E7F37D1D60DAF20051109E /* Mandelbulb.cpp */,
				72E7F37E1D60DAF20051109E /* Material.cpp */,
				72D9F72F1DB2F04B005451FC /* Scene.cpp */,
				72E7F37F1D60DAF20051109E /* Primitive.cpp */,
				72E7F3801D60DAF20051109E /* Ray.cpp */,
				72E7F3811D60DAF20051109E /* Sampler.cpp */,
				72E7F3821D60DAF20051109E /* Sphere.cpp */,
				72D9F7351DBC0143005451FC /* Film.cpp */,
			);
			name = src;
			sourceTree = "<group>";
		};
		72E7F3681D60DA760051109E /* include */ = {
			isa = PBXGroup;
			children = (
				72D9F73B1DBC0AF6005451FC /* Film.hpp */,
				72D9F73A1DBC017D005451FC /* Renderer.hpp */,
				72E7F3691D60DAE20051109E /* Camera.hpp */,
				72E7F36A1D60DAE20051109E /* DistanceField.hpp */,
				72E7F36B1D60DAE20051109E /* frMath.h */,
				72E7F36C1D60DAE20051109E /* ImageBuffer.hpp */,
				72E7F36D1D60DAE20051109E /* ImageFile.hpp */,
				72E7F36E1D60DAE20051109E /* ImageFileExr.hpp */,
				72E7F36F1D60DAE20051109E /* ImageFilePng.hpp */,
				72E7F3701D60DAE20051109E /* Mandelbulb.hpp */,
				72E7F3711D60DAE20051109E /* Material.hpp */,
				72E7F3721D60DAE20051109E /* Primitive.hpp */,
				72E7F3731D60DAE20051109E /* Ray.hpp */,
				72E7F3741D60DAE20051109E /* Sampler.hpp */,
				72E7F3751D60DAE20051109E /* Sphere.hpp */,
				72D9F72E1DB2DB5E005451FC /* Scene.hpp */,
				72D9F7311DB2F4D5005451FC /* Background.hpp */,
			);
			name = include;
			sourceTree = "<group>";
		};
/* End PBXGroup section */

/* Begin PBXNativeTarget section */
		72A714BF1CBB3FD300E5B321 /* FracRndr */ = {
			isa = PBXNativeTarget;
			buildConfigurationList = 72A714C71CBB3FD300E5B321 /* Build configuration list for PBXNativeTarget "FracRndr" */;
			buildPhases = (
				72A714BC1CBB3FD300E5B321 /* Sources */,
				72A714BD1CBB3FD300E5B321 /* Frameworks */,
				72A714BE1CBB3FD300E5B321 /* CopyFiles */,
			);
			buildRules = (
			);
			dependencies = (
			);
			name = FracRndr;
			productName = FracRndr;
			productReference = 72A714C01CBB3FD300E5B321 /* FracRndr */;
			productType = "com.apple.product-type.tool";
		};
/* End PBXNativeTarget section */

/* Begin PBXProject section */
		72A714B81CBB3FD300E5B321 /* Project object */ = {
			isa = PBXProject;
			attributes = {
				LastUpgradeCheck = 0800;
				ORGANIZATIONNAME = "Charles-Felix";
				TargetAttributes = {
					72A714BF1CBB3FD300E5B321 = {
						CreatedOnToolsVersion = 7.3;
					};
				};
			};
			buildConfigurationList = 72A714BB1CBB3FD300E5B321 /* Build configuration list for PBXProject "FracRndr" */;
			compatibilityVersion = "Xcode 3.2";
			developmentRegion = English;
			hasScannedForEncodings = 0;
			knownRegions = (
				en,
			);
			mainGroup = 72A714B71CBB3FD300E5B321;
			productRefGroup = 72A714C11CBB3FD300E5B321 /* Products */;
			projectDirPath = "";
			projectRoot = "";
			targets = (
				72A714BF1CBB3FD300E5B321 /* FracRndr */,
			);
		};
/* End PBXProject section */

/* Begin PBXSourcesBuildPhase section */
		72A714BC1CBB3FD300E5B321 /* Sources */ = {
			isa = PBXSourcesBuildPhase;
			buildActionMask = 2147483647;
			files = (
				72E7F3831D60DAF20051109E /* Camera.cpp in Sources */,
				72D9F7371DBC0143005451FC /* Film.cpp in Sources */,
				72E7F3861D60DAF20051109E /* ImageFile.cpp in Sources */,
				72E7F3851D60DAF20051109E /* ImageBuffer.cpp in Sources */,
				72D9F7391DBC016E005451FC /* Renderer.cpp in Sources */,
				72E7F3881D60DAF20051109E /* ImageFilePng.cpp in Sources */,
				72E7F3891D60DAF20051109E /* main.cpp in Sources */,
				72E7F38A1D60DAF20051109E /* Mandelbulb.cpp in Sources */,
				72E7F3841D60DAF20051109E /* DistanceField.cpp in Sources */,
				72E7F38D1D60DAF20051109E /* Ray.cpp in Sources */,
				72D9F7301DB2F04B005451FC /* Scene.cpp in Sources */,
				72E7F38E1D60DAF20051109E /* Sampler.cpp in Sources */,
				72E7F3871D60DAF20051109E /* ImageFileExr.cpp in Sources */,
				72E7F38F1D60DAF20051109E /* Sphere.cpp in Sources */,
				72E7F38B1D60DAF20051109E /* Material.cpp in Sources */,
				72E7F38C1D60DAF20051109E /* Primitive.cpp in Sources */,
			);
			runOnlyForDeploymentPostprocessing = 0;
		};
/* End PBXSourcesBuildPhase section */

/* Begin XCBuildConfiguration section */
		72A714C51CBB3FD300E5B321 /* Debug */ = {
			isa = XCBuildConfiguration;
			buildSettings = {
				ALWAYS_SEARCH_USER_PATHS = NO;
				CLANG_ANALYZER_NONNULL = YES;
				CLANG_CXX_LANGUAGE_STANDARD = "gnu++0x";
				CLANG_CXX_LIBRARY = "libc++";
				CLANG_ENABLE_MODULES = YES;
				CLANG_ENABLE_OBJC_ARC = YES;
				CLANG_WARN_BOOL_CONVERSION = YES;
				CLANG_WARN_CONSTANT_CONVERSION = YES;
				CLANG_WARN_DIRECT_OBJC_ISA_USAGE = YES_ERROR;
				CLANG_WARN_EMPTY_BODY = YES;
				CLANG_WARN_ENUM_CONVERSION = YES;
				CLANG_WARN_INFINITE_RECURSION = YES;
				CLANG_WARN_INT_CONVERSION = YES;
				CLANG_WARN_OBJC_ROOT_CLASS = YES_ERROR;
				CLANG_WARN_SUSPICIOUS_MOVE = YES;
				CLANG_WARN_UNREACHABLE_CODE = YES;
				CLANG_WARN__DUPLICATE_METHOD_MATCH = YES;
				CODE_SIGN_IDENTITY = "-";
				COPY_PHASE_STRIP = NO;
				DEBUG_INFORMATION_FORMAT = dwarf;
				ENABLE_STRICT_OBJC_MSGSEND = YES;
				ENABLE_TESTABILITY = YES;
				GCC_C_LANGUAGE_STANDARD = gnu99;
				GCC_DYNAMIC_NO_PIC = NO;
				GCC_NO_COMMON_BLOCKS = YES;
				GCC_OPTIMIZATION_LEVEL = 0;
				GCC_PREPROCESSOR_DEFINITIONS = (
					"DEBUG=1",
					"$(inherited)",
				);
				GCC_WARN_64_TO_32_BIT_CONVERSION = YES;
				GCC_WARN_ABOUT_RETURN_TYPE = YES_ERROR;
				GCC_WARN_UNDECLARED_SELECTOR = YES;
				GCC_WARN_UNINITIALIZED_AUTOS = YES_AGGRESSIVE;
				GCC_WARN_UNUSED_FUNCTION = YES;
				GCC_WARN_UNUSED_VARIABLE = YES;
				MACOSX_DEPLOYMENT_TARGET = 10.11;
				MTL_ENABLE_DEBUG_INFO = YES;
				ONLY_ACTIVE_ARCH = YES;
				SDKROOT = macosx;
			};
			name = Debug;
		};
		72A714C61CBB3FD300E5B321 /* Release */ = {
			isa = XCBuildConfiguration;
			buildSettings = {
				ALWAYS_SEARCH_USER_PATHS = NO;
				CLANG_ANALYZER_NONNULL = YES;
				CLANG_CXX_LANGUAGE_STANDARD = "gnu++0x";
				CLANG_CXX_LIBRARY = "libc++";
				CLANG_ENABLE_MODULES = YES;
				CLANG_ENABLE_OBJC_ARC = YES;
				CLANG_WARN_BOOL_CONVERSION = YES;
				CLANG_WARN_CONSTANT_CONVERSION = YES;
				CLANG_WARN_DIRECT_OBJC_ISA_USAGE = YES_ERROR;
				CLANG_WARN_EMPTY_BODY = YES;
				CLANG_WARN_ENUM_CONVERSION = YES;
				CLANG_WARN_INFINITE_RECURSION = YES;
				CLANG_WARN_INT_CONVERSION = YES;
				CLANG_WARN_OBJC_ROOT_CLASS = YES_ERROR;
				CLANG_WARN_SUSPICIOUS_MOVE = YES;
				CLANG_WARN_UNREACHABLE_CODE = YES;
				CLANG_WARN__DUPLICATE_METHOD_MATCH = YES;
				CODE_SIGN_IDENTITY = "-";
				COPY_PHASE_STRIP = NO;
				DEBUG_INFORMATION_FORMAT = "dwarf-with-dsym";
				ENABLE_NS_ASSERTIONS = NO;
				ENABLE_STRICT_OBJC_MSGSEND = YES;
				GCC_C_LANGUAGE_STANDARD = gnu99;
				GCC_NO_COMMON_BLOCKS = YES;
				GCC_WARN_64_TO_32_BIT_CONVERSION = YES;
				GCC_WARN_ABOUT_RETURN_TYPE = YES_ERROR;
				GCC_WARN_UNDECLARED_SELECTOR = YES;
				GCC_WARN_UNINITIALIZED_AUTOS = YES_AGGRESSIVE;
				GCC_WARN_UNUSED_FUNCTION = YES;
				GCC_WARN_UNUSED_VARIABLE = YES;
				MACOSX_DEPLOYMENT_TARGET = 10.11;
				MTL_ENABLE_DEBUG_INFO = NO;
				SDKROOT = macosx;
			};
			name = Release;
		};
		72A714C81CBB3FD300E5B321 /* Debug */ = {
			isa = XCBuildConfiguration;
			buildSettings = {
				CLANG_USE_OPTIMIZATION_PROFILE = NO;
				HEADER_SEARCH_PATHS = (
					/opt/local/include/,
					/opt/local/include/OpenEXR,
				);
				LIBRARY_SEARCH_PATHS = (
					"$(inherited)",
					/opt/local/lib,
				);
				PRODUCT_NAME = "$(TARGET_NAME)";
			};
			name = Debug;
		};
		72A714C91CBB3FD300E5B321 /* Release */ = {
			isa = XCBuildConfiguration;
			buildSettings = {
				CLANG_USE_OPTIMIZATION_PROFILE = NO;
				HEADER_SEARCH_PATHS = (
					/opt/local/include/,
					/opt/local/include/OpenEXR,
				);
				LIBRARY_SEARCH_PATHS = (
					"$(inherited)",
					/opt/local/lib,
				);
				PRODUCT_NAME = "$(TARGET_NAME)";
			};
			name = Release;
		};
/* End XCBuildConfiguration section */

/* Begin XCConfigurationList section */
		72A714BB1CBB3FD300E5B321 /* Build configuration list for PBXProject "FracRndr" */ = {
			isa = XCConfigurationList;
			buildConfigurations = (
				72A714C51CBB3FD300E5B321 /* Debug */,
				72A714C61CBB3FD300E5B321 /* Release */,
			);
			defaultConfigurationIsVisible = 0;
			defaultConfigurationName = Release;
		};
		72A714C71CBB3FD300E5B321 /* Build configuration list for PBXNativeTarget "FracRndr" */ = {
			isa = XCConfigurationList;
			buildConfigurations = (
				72A714C81CBB3FD300E5B321 /* Debug */,
				72A714C91CBB3FD300E5B321 /* Release */,
			);
			defaultConfigurationIsVisible = 0;
			defaultConfigurationName = Release;
		};
/* End XCConfigurationList section */
	};
	rootObject = 72A714B81CBB3FD300E5B321 /* Project object */;
}
